// !$*UTF8*$!
{
	archiveVersion = 1;
	classes = {
	};
	objectVersion = 55;
	objects = {

/* Begin PBXBuildFile section */
		AD3514D82891BAFF005F9B7A /* AppDelegate.swift in Sources */ = {isa = PBXBuildFile; fileRef = AD3514D72891BAFF005F9B7A /* AppDelegate.swift */; };
		AD3514DA2891BAFF005F9B7A /* SceneDelegate.swift in Sources */ = {isa = PBXBuildFile; fileRef = AD3514D92891BAFF005F9B7A /* SceneDelegate.swift */; };
		AD3514E12891BB00005F9B7A /* Assets.xcassets in Resources */ = {isa = PBXBuildFile; fileRef = AD3514E02891BB00005F9B7A /* Assets.xcassets */; };
		AD3514E42891BB00005F9B7A /* LaunchScreen.storyboard in Resources */ = {isa = PBXBuildFile; fileRef = AD3514E22891BB00005F9B7A /* LaunchScreen.storyboard */; };
		AD3514EC2891BD5A005F9B7A /* MainTabBarViewController.swift in Sources */ = {isa = PBXBuildFile; fileRef = AD3514EB2891BD5A005F9B7A /* MainTabBarViewController.swift */; };
		AD3514EF2891BDC8005F9B7A /* HomeViewController.swift in Sources */ = {isa = PBXBuildFile; fileRef = AD3514EE2891BDC8005F9B7A /* HomeViewController.swift */; };
		AD3514F12891BE06005F9B7A /* UpcomingViewController.swift in Sources */ = {isa = PBXBuildFile; fileRef = AD3514F02891BE06005F9B7A /* UpcomingViewController.swift */; };
		AD3514F32891BE2C005F9B7A /* SearchViewController.swift in Sources */ = {isa = PBXBuildFile; fileRef = AD3514F22891BE2C005F9B7A /* SearchViewController.swift */; };
		AD3514F52891BE4C005F9B7A /* DownloadsViewController.swift in Sources */ = {isa = PBXBuildFile; fileRef = AD3514F42891BE4C005F9B7A /* DownloadsViewController.swift */; };
		AD3514FE2892A203005F9B7A /* CollectionViewTableViewCell.swift in Sources */ = {isa = PBXBuildFile; fileRef = AD3514FD2892A203005F9B7A /* CollectionViewTableViewCell.swift */; };
		AD3515002892AE1B005F9B7A /* HeroHeadUIView.swift in Sources */ = {isa = PBXBuildFile; fileRef = AD3514FF2892AE1B005F9B7A /* HeroHeadUIView.swift */; };
		AD3515022893FE17005F9B7A /* NetworkManager.swift in Sources */ = {isa = PBXBuildFile; fileRef = AD3515012893FE17005F9B7A /* NetworkManager.swift */; };
		AD351504289434ED005F9B7A /* Movie.swift in Sources */ = {isa = PBXBuildFile; fileRef = AD351503289434ED005F9B7A /* Movie.swift */; };
/* End PBXBuildFile section */

/* Begin PBXFileReference section */
		AD3514D42891BAFF005F9B7A /* NetflixCloneApp.app */ = {isa = PBXFileReference; explicitFileType = wrapper.application; includeInIndex = 0; path = NetflixCloneApp.app; sourceTree = BUILT_PRODUCTS_DIR; };
		AD3514D72891BAFF005F9B7A /* AppDelegate.swift */ = {isa = PBXFileReference; lastKnownFileType = sourcecode.swift; path = AppDelegate.swift; sourceTree = "<group>"; };
		AD3514D92891BAFF005F9B7A /* SceneDelegate.swift */ = {isa = PBXFileReference; lastKnownFileType = sourcecode.swift; path = SceneDelegate.swift; sourceTree = "<group>"; };
		AD3514E02891BB00005F9B7A /* Assets.xcassets */ = {isa = PBXFileReference; lastKnownFileType = folder.assetcatalog; path = Assets.xcassets; sourceTree = "<group>"; };
		AD3514E32891BB00005F9B7A /* Base */ = {isa = PBXFileReference; lastKnownFileType = file.storyboard; name = Base; path = Base.lproj/LaunchScreen.storyboard; sourceTree = "<group>"; };
		AD3514E52891BB00005F9B7A /* Info.plist */ = {isa = PBXFileReference; lastKnownFileType = text.plist.xml; path = Info.plist; sourceTree = "<group>"; };
		AD3514EB2891BD5A005F9B7A /* MainTabBarViewController.swift */ = {isa = PBXFileReference; lastKnownFileType = sourcecode.swift; path = MainTabBarViewController.swift; sourceTree = "<group>"; };
		AD3514EE2891BDC8005F9B7A /* HomeViewController.swift */ = {isa = PBXFileReference; lastKnownFileType = sourcecode.swift; path = HomeViewController.swift; sourceTree = "<group>"; };
		AD3514F02891BE06005F9B7A /* UpcomingViewController.swift */ = {isa = PBXFileReference; lastKnownFileType = sourcecode.swift; path = UpcomingViewController.swift; sourceTree = "<group>"; };
		AD3514F22891BE2C005F9B7A /* SearchViewController.swift */ = {isa = PBXFileReference; lastKnownFileType = sourcecode.swift; path = SearchViewController.swift; sourceTree = "<group>"; };
		AD3514F42891BE4C005F9B7A /* DownloadsViewController.swift */ = {isa = PBXFileReference; lastKnownFileType = sourcecode.swift; path = DownloadsViewController.swift; sourceTree = "<group>"; };
		AD3514FD2892A203005F9B7A /* CollectionViewTableViewCell.swift */ = {isa = PBXFileReference; lastKnownFileType = sourcecode.swift; path = CollectionViewTableViewCell.swift; sourceTree = "<group>"; };
		AD3514FF2892AE1B005F9B7A /* HeroHeadUIView.swift */ = {isa = PBXFileReference; lastKnownFileType = sourcecode.swift; path = HeroHeadUIView.swift; sourceTree = "<group>"; };
		AD3515012893FE17005F9B7A /* NetworkManager.swift */ = {isa = PBXFileReference; lastKnownFileType = sourcecode.swift; path = NetworkManager.swift; sourceTree = "<group>"; };
		AD351503289434ED005F9B7A /* Movie.swift */ = {isa = PBXFileReference; lastKnownFileType = sourcecode.swift; path = Movie.swift; sourceTree = "<group>"; };
/* End PBXFileReference section */

/* Begin PBXFrameworksBuildPhase section */
		AD3514D12891BAFF005F9B7A /* Frameworks */ = {
			isa = PBXFrameworksBuildPhase;
			buildActionMask = 2147483647;
			files = (
			);
			runOnlyForDeploymentPostprocessing = 0;
		};
/* End PBXFrameworksBuildPhase section */

/* Begin PBXGroup section */
		AD3514CB2891BAFF005F9B7A = {
			isa = PBXGroup;
			children = (
				AD3514D62891BAFF005F9B7A /* NetflixCloneApp */,
				AD3514D52891BAFF005F9B7A /* Products */,
			);
			sourceTree = "<group>";
		};
		AD3514D52891BAFF005F9B7A /* Products */ = {
			isa = PBXGroup;
			children = (
				AD3514D42891BAFF005F9B7A /* NetflixCloneApp.app */,
			);
			name = Products;
			sourceTree = "<group>";
		};
		AD3514D62891BAFF005F9B7A /* NetflixCloneApp */ = {
			isa = PBXGroup;
			children = (
				AD3514FC2892A14A005F9B7A /* Managers */,
				AD3514F62891C2D1005F9B7A /* Resources */,
				AD3514FB2892A110005F9B7A /* Models */,
				AD3514F92892A029005F9B7A /* Views */,
				AD3514FA2892A0FD005F9B7A /* ViewModels */,
				AD3514ED2891BDA8005F9B7A /* Controllers */,
				AD3514EB2891BD5A005F9B7A /* MainTabBarViewController.swift */,
				AD3514F72891C32B005F9B7A /* App */,
				AD3514E02891BB00005F9B7A /* Assets.xcassets */,
			);
			path = NetflixCloneApp;
			sourceTree = "<group>";
		};
		AD3514ED2891BDA8005F9B7A /* Controllers */ = {
			isa = PBXGroup;
			children = (
				AD3514EE2891BDC8005F9B7A /* HomeViewController.swift */,
				AD3514F02891BE06005F9B7A /* UpcomingViewController.swift */,
				AD3514F22891BE2C005F9B7A /* SearchViewController.swift */,
				AD3514F42891BE4C005F9B7A /* DownloadsViewController.swift */,
				AD3514F82891C3B8005F9B7A /* Launchscreen */,
			);
			path = Controllers;
			sourceTree = "<group>";
		};
		AD3514F62891C2D1005F9B7A /* Resources */ = {
			isa = PBXGroup;
			children = (
			);
			path = Resources;
			sourceTree = "<group>";
		};
		AD3514F72891C32B005F9B7A /* App */ = {
			isa = PBXGroup;
			children = (
				AD3514D72891BAFF005F9B7A /* AppDelegate.swift */,
				AD3514D92891BAFF005F9B7A /* SceneDelegate.swift */,
				AD3514E52891BB00005F9B7A /* Info.plist */,
			);
			path = App;
			sourceTree = "<group>";
		};
		AD3514F82891C3B8005F9B7A /* Launchscreen */ = {
			isa = PBXGroup;
			children = (
				AD3514E22891BB00005F9B7A /* LaunchScreen.storyboard */,
			);
			path = Launchscreen;
			sourceTree = "<group>";
		};
		AD3514F92892A029005F9B7A /* Views */ = {
			isa = PBXGroup;
			children = (
				AD3514FD2892A203005F9B7A /* CollectionViewTableViewCell.swift */,
				AD3514FF2892AE1B005F9B7A /* HeroHeadUIView.swift */,
			);
			path = Views;
			sourceTree = "<group>";
		};
		AD3514FA2892A0FD005F9B7A /* ViewModels */ = {
			isa = PBXGroup;
			children = (
			);
			path = ViewModels;
			sourceTree = "<group>";
		};
		AD3514FB2892A110005F9B7A /* Models */ = {
			isa = PBXGroup;
			children = (
				AD351503289434ED005F9B7A /* Movie.swift */,
			);
			path = Models;
			sourceTree = "<group>";
		};
		AD3514FC2892A14A005F9B7A /* Managers */ = {
			isa = PBXGroup;
			children = (
				AD3515012893FE17005F9B7A /* NetworkManager.swift */,
			);
			path = Managers;
			sourceTree = "<group>";
		};
/* End PBXGroup section */

/* Begin PBXNativeTarget section */
		AD3514D32891BAFF005F9B7A /* NetflixCloneApp */ = {
			isa = PBXNativeTarget;
			buildConfigurationList = AD3514E82891BB00005F9B7A /* Build configuration list for PBXNativeTarget "NetflixCloneApp" */;
			buildPhases = (
				AD3514D02891BAFF005F9B7A /* Sources */,
				AD3514D12891BAFF005F9B7A /* Frameworks */,
				AD3514D22891BAFF005F9B7A /* Resources */,
			);
			buildRules = (
			);
			dependencies = (
			);
			name = NetflixCloneApp;
			productName = NetflixCloneApp;
			productReference = AD3514D42891BAFF005F9B7A /* NetflixCloneApp.app */;
			productType = "com.apple.product-type.application";
		};
/* End PBXNativeTarget section */

/* Begin PBXProject section */
		AD3514CC2891BAFF005F9B7A /* Project object */ = {
			isa = PBXProject;
			attributes = {
				BuildIndependentTargetsInParallel = 1;
				LastSwiftUpdateCheck = 1340;
				LastUpgradeCheck = 1340;
				TargetAttributes = {
					AD3514D32891BAFF005F9B7A = {
						CreatedOnToolsVersion = 13.4.1;
					};
				};
			};
			buildConfigurationList = AD3514CF2891BAFF005F9B7A /* Build configuration list for PBXProject "NetflixCloneApp" */;
			compatibilityVersion = "Xcode 13.0";
			developmentRegion = en;
			hasScannedForEncodings = 0;
			knownRegions = (
				en,
				Base,
			);
			mainGroup = AD3514CB2891BAFF005F9B7A;
			productRefGroup = AD3514D52891BAFF005F9B7A /* Products */;
			projectDirPath = "";
			projectRoot = "";
			targets = (
				AD3514D32891BAFF005F9B7A /* NetflixCloneApp */,
			);
		};
/* End PBXProject section */

/* Begin PBXResourcesBuildPhase section */
		AD3514D22891BAFF005F9B7A /* Resources */ = {
			isa = PBXResourcesBuildPhase;
			buildActionMask = 2147483647;
			files = (
				AD3514E42891BB00005F9B7A /* LaunchScreen.storyboard in Resources */,
				AD3514E12891BB00005F9B7A /* Assets.xcassets in Resources */,
			);
			runOnlyForDeploymentPostprocessing = 0;
		};
/* End PBXResourcesBuildPhase section */

/* Begin PBXSourcesBuildPhase section */
		AD3514D02891BAFF005F9B7A /* Sources */ = {
			isa = PBXSourcesBuildPhase;
			buildActionMask = 2147483647;
			files = (
				AD3514F32891BE2C005F9B7A /* SearchViewController.swift in Sources */,
				AD3514EC2891BD5A005F9B7A /* MainTabBarViewController.swift in Sources */,
				AD3515022893FE17005F9B7A /* NetworkManager.swift in Sources */,
				AD3514FE2892A203005F9B7A /* CollectionViewTableViewCell.swift in Sources */,
				AD3514F52891BE4C005F9B7A /* DownloadsViewController.swift in Sources */,
				AD3514D82891BAFF005F9B7A /* AppDelegate.swift in Sources */,
				AD3514DA2891BAFF005F9B7A /* SceneDelegate.swift in Sources */,
				AD3514F12891BE06005F9B7A /* UpcomingViewController.swift in Sources */,
				AD3514EF2891BDC8005F9B7A /* HomeViewController.swift in Sources */,
				AD351504289434ED005F9B7A /* Movie.swift in Sources */,
				AD3515002892AE1B005F9B7A /* HeroHeadUIView.swift in Sources */,
			);
			runOnlyForDeploymentPostprocessing = 0;
		};
/* End PBXSourcesBuildPhase section */

/* Begin PBXVariantGroup section */
		AD3514E22891BB00005F9B7A /* LaunchScreen.storyboard */ = {
			isa = PBXVariantGroup;
			children = (
				AD3514E32891BB00005F9B7A /* Base */,
			);
			name = LaunchScreen.storyboard;
			sourceTree = "<group>";
		};
/* End PBXVariantGroup section */

/* Begin XCBuildConfiguration section */
		AD3514E62891BB00005F9B7A /* Debug */ = {
			isa = XCBuildConfiguration;
			buildSettings = {
				ALWAYS_SEARCH_USER_PATHS = NO;
				CLANG_ANALYZER_NONNULL = YES;
				CLANG_ANALYZER_NUMBER_OBJECT_CONVERSION = YES_AGGRESSIVE;
				CLANG_CXX_LANGUAGE_STANDARD = "gnu++17";
				CLANG_ENABLE_MODULES = YES;
				CLANG_ENABLE_OBJC_ARC = YES;
				CLANG_ENABLE_OBJC_WEAK = YES;
				CLANG_WARN_BLOCK_CAPTURE_AUTORELEASING = YES;
				CLANG_WARN_BOOL_CONVERSION = YES;
				CLANG_WARN_COMMA = YES;
				CLANG_WARN_CONSTANT_CONVERSION = YES;
				CLANG_WARN_DEPRECATED_OBJC_IMPLEMENTATIONS = YES;
				CLANG_WARN_DIRECT_OBJC_ISA_USAGE = YES_ERROR;
				CLANG_WARN_DOCUMENTATION_COMMENTS = YES;
				CLANG_WARN_EMPTY_BODY = YES;
				CLANG_WARN_ENUM_CONVERSION = YES;
				CLANG_WARN_INFINITE_RECURSION = YES;
				CLANG_WARN_INT_CONVERSION = YES;
				CLANG_WARN_NON_LITERAL_NULL_CONVERSION = YES;
				CLANG_WARN_OBJC_IMPLICIT_RETAIN_SELF = YES;
				CLANG_WARN_OBJC_LITERAL_CONVERSION = YES;
				CLANG_WARN_OBJC_ROOT_CLASS = YES_ERROR;
				CLANG_WARN_QUOTED_INCLUDE_IN_FRAMEWORK_HEADER = YES;
				CLANG_WARN_RANGE_LOOP_ANALYSIS = YES;
				CLANG_WARN_STRICT_PROTOTYPES = YES;
				CLANG_WARN_SUSPICIOUS_MOVE = YES;
				CLANG_WARN_UNGUARDED_AVAILABILITY = YES_AGGRESSIVE;
				CLANG_WARN_UNREACHABLE_CODE = YES;
				CLANG_WARN__DUPLICATE_METHOD_MATCH = YES;
				COPY_PHASE_STRIP = NO;
				DEBUG_INFORMATION_FORMAT = dwarf;
				ENABLE_STRICT_OBJC_MSGSEND = YES;
				ENABLE_TESTABILITY = YES;
				GCC_C_LANGUAGE_STANDARD = gnu11;
				GCC_DYNAMIC_NO_PIC = NO;
				GCC_NO_COMMON_BLOCKS = YES;
				GCC_OPTIMIZATION_LEVEL = 0;
				GCC_PREPROCESSOR_DEFINITIONS = (
					"DEBUG=1",
					"$(inherited)",
				);
				GCC_WARN_64_TO_32_BIT_CONVERSION = YES;
				GCC_WARN_ABOUT_RETURN_TYPE = YES_ERROR;
				GCC_WARN_UNDECLARED_SELECTOR = YES;
				GCC_WARN_UNINITIALIZED_AUTOS = YES_AGGRESSIVE;
				GCC_WARN_UNUSED_FUNCTION = YES;
				GCC_WARN_UNUSED_VARIABLE = YES;
				IPHONEOS_DEPLOYMENT_TARGET = 15.5;
				MTL_ENABLE_DEBUG_INFO = INCLUDE_SOURCE;
				MTL_FAST_MATH = YES;
				ONLY_ACTIVE_ARCH = YES;
				SDKROOT = iphoneos;
				SWIFT_ACTIVE_COMPILATION_CONDITIONS = DEBUG;
				SWIFT_OPTIMIZATION_LEVEL = "-Onone";
			};
			name = Debug;
		};
		AD3514E72891BB00005F9B7A /* Release */ = {
			isa = XCBuildConfiguration;
			buildSettings = {
				ALWAYS_SEARCH_USER_PATHS = NO;
				CLANG_ANALYZER_NONNULL = YES;
				CLANG_ANALYZER_NUMBER_OBJECT_CONVERSION = YES_AGGRESSIVE;
				CLANG_CXX_LANGUAGE_STANDARD = "gnu++17";
				CLANG_ENABLE_MODULES = YES;
				CLANG_ENABLE_OBJC_ARC = YES;
				CLANG_ENABLE_OBJC_WEAK = YES;
				CLANG_WARN_BLOCK_CAPTURE_AUTORELEASING = YES;
				CLANG_WARN_BOOL_CONVERSION = YES;
				CLANG_WARN_COMMA = YES;
				CLANG_WARN_CONSTANT_CONVERSION = YES;
				CLANG_WARN_DEPRECATED_OBJC_IMPLEMENTATIONS = YES;
				CLANG_WARN_DIRECT_OBJC_ISA_USAGE = YES_ERROR;
				CLANG_WARN_DOCUMENTATION_COMMENTS = YES;
				CLANG_WARN_EMPTY_BODY = YES;
				CLANG_WARN_ENUM_CONVERSION = YES;
				CLANG_WARN_INFINITE_RECURSION = YES;
				CLANG_WARN_INT_CONVERSION = YES;
				CLANG_WARN_NON_LITERAL_NULL_CONVERSION = YES;
				CLANG_WARN_OBJC_IMPLICIT_RETAIN_SELF = YES;
				CLANG_WARN_OBJC_LITERAL_CONVERSION = YES;
				CLANG_WARN_OBJC_ROOT_CLASS = YES_ERROR;
				CLANG_WARN_QUOTED_INCLUDE_IN_FRAMEWORK_HEADER = YES;
				CLANG_WARN_RANGE_LOOP_ANALYSIS = YES;
				CLANG_WARN_STRICT_PROTOTYPES = YES;
				CLANG_WARN_SUSPICIOUS_MOVE = YES;
				CLANG_WARN_UNGUARDED_AVAILABILITY = YES_AGGRESSIVE;
				CLANG_WARN_UNREACHABLE_CODE = YES;
				CLANG_WARN__DUPLICATE_METHOD_MATCH = YES;
				COPY_PHASE_STRIP = NO;
				DEBUG_INFORMATION_FORMAT = "dwarf-with-dsym";
				ENABLE_NS_ASSERTIONS = NO;
				ENABLE_STRICT_OBJC_MSGSEND = YES;
				GCC_C_LANGUAGE_STANDARD = gnu11;
				GCC_NO_COMMON_BLOCKS = YES;
				GCC_WARN_64_TO_32_BIT_CONVERSION = YES;
				GCC_WARN_ABOUT_RETURN_TYPE = YES_ERROR;
				GCC_WARN_UNDECLARED_SELECTOR = YES;
				GCC_WARN_UNINITIALIZED_AUTOS = YES_AGGRESSIVE;
				GCC_WARN_UNUSED_FUNCTION = YES;
				GCC_WARN_UNUSED_VARIABLE = YES;
				IPHONEOS_DEPLOYMENT_TARGET = 15.5;
				MTL_ENABLE_DEBUG_INFO = NO;
				MTL_FAST_MATH = YES;
				SDKROOT = iphoneos;
				SWIFT_COMPILATION_MODE = wholemodule;
				SWIFT_OPTIMIZATION_LEVEL = "-O";
				VALIDATE_PRODUCT = YES;
			};
			name = Release;
		};
		AD3514E92891BB00005F9B7A /* Debug */ = {
			isa = XCBuildConfiguration;
			buildSettings = {
				ASSETCATALOG_COMPILER_APPICON_NAME = AppIcon;
				ASSETCATALOG_COMPILER_GLOBAL_ACCENT_COLOR_NAME = AccentColor;
				CODE_SIGN_STYLE = Automatic;
				CURRENT_PROJECT_VERSION = 1;
				GENERATE_INFOPLIST_FILE = YES;
				INFOPLIST_FILE = NetflixCloneApp/App/Info.plist;
				INFOPLIST_KEY_UIApplicationSupportsIndirectInputEvents = YES;
				INFOPLIST_KEY_UILaunchStoryboardName = LaunchScreen;
				INFOPLIST_KEY_UISupportedInterfaceOrientations_iPad = "UIInterfaceOrientationPortrait UIInterfaceOrientationPortraitUpsideDown UIInterfaceOrientationLandscapeLeft UIInterfaceOrientationLandscapeRight";
				INFOPLIST_KEY_UISupportedInterfaceOrientations_iPhone = "UIInterfaceOrientationPortrait UIInterfaceOrientationLandscapeLeft UIInterfaceOrientationLandscapeRight";
				LD_RUNPATH_SEARCH_PATHS = (
					"$(inherited)",
					"@executable_path/Frameworks",
				);
				MARKETING_VERSION = 1.0;
				PRODUCT_BUNDLE_IDENTIFIER = MaximovNick.NetflixCloneApp;
				PRODUCT_NAME = "$(TARGET_NAME)";
				SWIFT_EMIT_LOC_STRINGS = YES;
				SWIFT_VERSION = 5.0;
				TARGETED_DEVICE_FAMILY = 1;
			};
			name = Debug;
		};
		AD3514EA2891BB00005F9B7A /* Release */ = {
			isa = XCBuildConfiguration;
			buildSettings = {
				ASSETCATALOG_COMPILER_APPICON_NAME = AppIcon;
				ASSETCATALOG_COMPILER_GLOBAL_ACCENT_COLOR_NAME = AccentColor;
				CODE_SIGN_STYLE = Automatic;
				CURRENT_PROJECT_VERSION = 1;
				GENERATE_INFOPLIST_FILE = YES;
				INFOPLIST_FILE = NetflixCloneApp/App/Info.plist;
				INFOPLIST_KEY_UIApplicationSupportsIndirectInputEvents = YES;
				INFOPLIST_KEY_UILaunchStoryboardName = LaunchScreen;
				INFOPLIST_KEY_UISupportedInterfaceOrientations_iPad = "UIInterfaceOrientationPortrait UIInterfaceOrientationPortraitUpsideDown UIInterfaceOrientationLandscapeLeft UIInterfaceOrientationLandscapeRight";
				INFOPLIST_KEY_UISupportedInterfaceOrientations_iPhone = "UIInterfaceOrientationPortrait UIInterfaceOrientationLandscapeLeft UIInterfaceOrientationLandscapeRight";
				LD_RUNPATH_SEARCH_PATHS = (
					"$(inherited)",
					"@executable_path/Frameworks",
				);
				MARKETING_VERSION = 1.0;
				PRODUCT_BUNDLE_IDENTIFIER = MaximovNick.NetflixCloneApp;
				PRODUCT_NAME = "$(TARGET_NAME)";
				SWIFT_EMIT_LOC_STRINGS = YES;
				SWIFT_VERSION = 5.0;
				TARGETED_DEVICE_FAMILY = 1;
			};
			name = Release;
		};
/* End XCBuildConfiguration section */

/* Begin XCConfigurationList section */
		AD3514CF2891BAFF005F9B7A /* Build configuration list for PBXProject "NetflixCloneApp" */ = {
			isa = XCConfigurationList;
			buildConfigurations = (
				AD3514E62891BB00005F9B7A /* Debug */,
				AD3514E72891BB00005F9B7A /* Release */,
			);
			defaultConfigurationIsVisible = 0;
			defaultConfigurationName = Release;
		};
		AD3514E82891BB00005F9B7A /* Build configuration list for PBXNativeTarget "NetflixCloneApp" */ = {
			isa = XCConfigurationList;
			buildConfigurations = (
				AD3514E92891BB00005F9B7A /* Debug */,
				AD3514EA2891BB00005F9B7A /* Release */,
			);
			defaultConfigurationIsVisible = 0;
			defaultConfigurationName = Release;
		};
/* End XCConfigurationList section */
	};
	rootObject = AD3514CC2891BAFF005F9B7A /* Project object */;
}
